
Microsoft Visual Studio Solution File, Format Version 12.00
# Visual Studio Version 17
VisualStudioVersion = 17.14.36429.23 d17.14
MinimumVisualStudioVersion = 10.0.40219.1
Project("{FAE04EC0-301F-11D3-BF4B-00C04F79EFBC}") = "ShopLedger", "ShopLedger.csproj", "{2AC870FB-4446-411D-B439-EC87BEF84314}"
EndProject
Global
	GlobalSection(SolutionConfigurationPlatforms) = preSolution
		Debug|Any CPU = Debug|Any CPU
		Release|Any CPU = Release|Any CPU
	EndGlobalSection
	GlobalSection(ProjectConfigurationPlatforms) = postSolution
		{2AC870FB-4446-411D-B439-EC87BEF84314}.Debug|Any CPU.ActiveCfg = Debug|Any CPU
		{2AC870FB-4446-411D-B439-EC87BEF84314}.Debug|Any CPU.Build.0 = Debug|Any CPU
		{2AC870FB-4446-411D-B439-EC87BEF84314}.Release|Any CPU.ActiveCfg = Release|Any CPU
		{2AC870FB-4446-411D-B439-EC87BEF84314}.Release|Any CPU.Build.0 = Release|Any CPU
	EndGlobalSection
	GlobalSection(SolutionProperties) = preSolution
		HideSolutionNode = FALSE
	EndGlobalSection
	GlobalSection(ExtensibilityGlobals) = postSolution
		SolutionGuid = {1898BB04-7695-4342-BAC5-C847963778B9}
	EndGlobalSection
EndGlobal
